
Microsoft Visual Studio Solution File, Format Version 12.00
# Visual Studio 15
VisualStudioVersion = 15.0.28307.1022
MinimumVisualStudioVersion = 10.0.40219.1
Project("{8BC9CEB8-8B4A-11D0-8D11-00A0C91BC942}") = "ConsoleApplication1", "ConsoleApplication1\ConsoleApplication1.vcxproj", "{A89FE3D6-DFDB-428E-9C88-64533200B457}"
EndProject
Global
	GlobalSection(SolutionConfigurationPlatforms) = preSolution
		Debug|x64 = Debug|x64
		Debug|x86 = Debug|x86
		Release|x64 = Release|x64
		Release|x86 = Release|x86
	EndGlobalSection
	GlobalSection(ProjectConfigurationPlatforms) = postSolution
		{A89FE3D6-DFDB-428E-9C88-64533200B457}.Debug|x64.ActiveCfg = Debug|x64
		{A89FE3D6-DFDB-428E-9C88-64533200B457}.Debug|x64.Build.0 = Debug|x64
		{A89FE3D6-DFDB-428E-9C88-64533200B457}.Debug|x86.ActiveCfg = Debug|Win32
		{A89FE3D6-DFDB-428E-9C88-64533200B457}.Debug|x86.Build.0 = Debug|Win32
		{A89FE3D6-DFDB-428E-9C88-64533200B457}.Release|x64.ActiveCfg = Release|x64
		{A89FE3D6-DFDB-428E-9C88-64533200B457}.Release|x64.Build.0 = Release|x64
		{A89FE3D6-DFDB-428E-9C88-64533200B457}.Release|x86.ActiveCfg = Release|Win32
		{A89FE3D6-DFDB-428E-9C88-64533200B457}.Release|x86.Build.0 = Release|Win32
	EndGlobalSection
	GlobalSection(SolutionProperties) = preSolution
		HideSolutionNode = FALSE
	EndGlobalSection
	GlobalSection(ExtensibilityGlobals) = postSolution
		SolutionGuid = {4A1C067B-933C-40C6-82C4-D19CE239185C}
	EndGlobalSection
EndGlobal
